
Microsoft Visual Studio Solution File, Format Version 12.00
# Visual Studio Version 16
VisualStudioVersion = 16.0.30523.141
MinimumVisualStudioVersion = 10.0.40219.1
Project("{FAE04EC0-301F-11D3-BF4B-00C04F79EFBC}") = "GasRepairsAndProbablyExpensiveSnacks", "GasRepairsAndProbablyExpensiveSnacks\GasRepairsAndProbablyExpensiveSnacks.csproj", "{89532C63-5AC6-4943-958D-5693CF3B0894}"
EndProject
Project("{2150E333-8FDC-42A3-9474-1A3956D46DE8}") = "Solution Items", "Solution Items", "{3C143931-CFD4-43AA-B7E6-A926267C51F9}"
	ProjectSection(SolutionItems) = preProject
		buildRelease.bat = buildRelease.bat
		CHANGELOG.txt = CHANGELOG.txt
		deploy.bat = deploy.bat
		GasRepairsAndProbablyExpensiveSnacks.version = GasRepairsAndProbablyExpensiveSnacks.version
		jenkins.txt = jenkins.txt
		LICENSE = LICENSE
		README.md = README.md
	EndProjectSection
EndProject
Global
	GlobalSection(SolutionConfigurationPlatforms) = preSolution
		Debug|Any CPU = Debug|Any CPU
		Release|Any CPU = Release|Any CPU
	EndGlobalSection
	GlobalSection(ProjectConfigurationPlatforms) = postSolution
		{89532C63-5AC6-4943-958D-5693CF3B0894}.Debug|Any CPU.ActiveCfg = Debug|Any CPU
		{89532C63-5AC6-4943-958D-5693CF3B0894}.Debug|Any CPU.Build.0 = Debug|Any CPU
		{89532C63-5AC6-4943-958D-5693CF3B0894}.Release|Any CPU.ActiveCfg = Release|Any CPU
		{89532C63-5AC6-4943-958D-5693CF3B0894}.Release|Any CPU.Build.0 = Release|Any CPU
	EndGlobalSection
	GlobalSection(SolutionProperties) = preSolution
		HideSolutionNode = FALSE
	EndGlobalSection
	GlobalSection(ExtensibilityGlobals) = postSolution
		SolutionGuid = {3B9D40F3-8724-4A19-A38A-1850F285F7B5}
	EndGlobalSection
EndGlobal
