
Microsoft Visual Studio Solution File, Format Version 12.00
# Visual Studio Version 16
VisualStudioVersion = 16.0.30523.141
MinimumVisualStudioVersion = 10.0.40219.1
Project("{FAE04EC0-301F-11D3-BF4B-00C04F79EFBC}") = "MyAntennaNeverGoesOffline", "MyAntennaNeverGoesOffline\MyAntennaNeverGoesOffline.csproj", "{EAC3A2ED-5EA2-43CE-954F-21C2E3920EC4}"
EndProject
Project("{2150E333-8FDC-42A3-9474-1A3956D46DE8}") = "Solution Items", "Solution Items", "{6B5BE3FF-01FC-483F-9F86-EFF48AC2ADD0}"
	ProjectSection(SolutionItems) = preProject
		buildRelease.bat = buildRelease.bat
		deploy.bat = deploy.bat
		jenkins.txt = jenkins.txt
		LICENSE = LICENSE
		MyAntennaeNeverGoOffline.version = MyAntennaeNeverGoOffline.version
		README.md = README.md
	EndProjectSection
EndProject
Global
	GlobalSection(SolutionConfigurationPlatforms) = preSolution
		Debug|Any CPU = Debug|Any CPU
		Release|Any CPU = Release|Any CPU
	EndGlobalSection
	GlobalSection(ProjectConfigurationPlatforms) = postSolution
		{EAC3A2ED-5EA2-43CE-954F-21C2E3920EC4}.Debug|Any CPU.ActiveCfg = Debug|Any CPU
		{EAC3A2ED-5EA2-43CE-954F-21C2E3920EC4}.Debug|Any CPU.Build.0 = Debug|Any CPU
		{EAC3A2ED-5EA2-43CE-954F-21C2E3920EC4}.Release|Any CPU.ActiveCfg = Release|Any CPU
		{EAC3A2ED-5EA2-43CE-954F-21C2E3920EC4}.Release|Any CPU.Build.0 = Release|Any CPU
	EndGlobalSection
	GlobalSection(SolutionProperties) = preSolution
		HideSolutionNode = FALSE
	EndGlobalSection
	GlobalSection(ExtensibilityGlobals) = postSolution
		SolutionGuid = {E613D3AA-7AF9-4FF2-9A97-22248AED6216}
	EndGlobalSection
EndGlobal
